# THIS IS AN AUTOGENERATED FILE. DO NOT EDIT THIS FILE DIRECTLY.
# yarn lockfile v1


preact-iso@^2.0.3:
  version "2.0.3"
  resolved "https://registry.yarnpkg.com/preact-iso/-/preact-iso-2.0.3.tgz#79343d9e539261c3369800c5623c213c528a0541"
  integrity sha512-YQ+HTVDDFVuTvxL8xUMy+1QlrEuIFSXC5Np4WO1UEVDWXy51n56H2jd05bjMFeTEiKLxQmr86SqhSmgo5PzCLw==

preact-render-to-string@^5.1.19:
  version "5.1.19"
  resolved "https://registry.yarnpkg.com/preact-render-to-string/-/preact-render-to-string-5.1.19.tgz#ffae7c3bd1680be5ecf5991d41fe3023b3051e0e"
  integrity sha512-bj8sn/oytIKO6RtOGSS/1+5CrQyRSC99eLUnEVbqUa6MzJX5dYh7wu9bmT0d6lm/Vea21k9KhCQwvr2sYN3rrQ==
  dependencies:
    pretty-format "^3.8.0"

preact@^10.5.14:
  version "10.5.14"
  resolved "https://registry.yarnpkg.com/preact/-/preact-10.5.14.tgz#0b14a2eefba3c10a57116b90d1a65f5f00cd2701"
  integrity sha512-KojoltCrshZ099ksUZ2OQKfbH66uquFoxHSbnwKbTJHeQNvx42EmC7wQVWNuDt6vC5s3nudRHFtKbpY4ijKlaQ==

pretty-format@^3.8.0:
  version "3.8.0"
  resolved "https://registry.yarnpkg.com/pretty-format/-/pretty-format-3.8.0.tgz#bfbed56d5e9a776645f4b1ff7aa1a3ac4fa3c385"
  integrity sha1-v77VbV6ad2ZF9LH/eqGjrE+jw4U=

wmr@^3.4.1:
  version "3.4.1"
  resolved "https://registry.yarnpkg.com/wmr/-/wmr-3.4.1.tgz#5a39b31b7a560dfc78c4ccb44243a5ff384b3490"
  integrity sha512-Fyt8Xb7Q6bKSOm7b8zEV2Z7x2pGnCRoc7iZaaPrBU1kUuliwArltnfUOESUYyuLjAHfoIi5veOl+OOxugkGn/g==
